{
  "name": "mysql-to-dirtydb",
  "version": "1.0.0",
  "lockfileVersion": 3,
  "requires": true,
  "packages": {
    "": {
      "name": "mysql-to-dirtydb",
      "version": "1.0.0",
      "license": "ISC",
      "dependencies": {
        "dirty-ts": "^1.1.8",
        "dotenv": "17.2.1",
        "rusty-store-kv": "^1.3.1",
        "ueberdb2": "5.0.15"
      }
    },
    "node_modules/2": {
      "version": "1.0.2",
      "resolved": "https://registry.npmjs.org/2/-/2-1.0.2.tgz",
      "integrity": "sha512-G0Eca6Fz2qJKvjM9/niouz5kWTZy7pm+LRAMXir5v+DOt4bMszVlfIYKy2T+TPKnGxpp236pzK7/chNuToWlnQ==",
      "engines": {
        "node": ">=7.0.0"
      }
    },
    "node_modules/3": {
      "version": "2.1.0",
      "resolved": "https://registry.npmjs.org/3/-/3-2.1.0.tgz",
      "integrity": "sha512-rEoeK/qBZCLzqt9a3Q3Dnb5TUyXnZlxVaWr9ZXBV65Ppzcz59dx3Ik5YUxtni+36CtZgJdhQaYkLgHBdqjxjoA==",
      "dependencies": {
        "2": "^1.0.2",
        "chunk-array": "^1.0.2",
        "enforce-range": "^1.0.0"
      },
      "engines": {
        "node": ">=7.0.0"
      }
    },
    "node_modules/chunk-array": {
      "version": "1.0.2",
      "resolved": "https://registry.npmjs.org/chunk-array/-/chunk-array-1.0.2.tgz",
      "integrity": "sha512-NdHMmQ59t0VOwG+md2fYfLbmeaN1ZeX+4rEKgOj2vqgJsuXyTvSgYLZ9jEU8xwmB4nm6DeuuAkU/Y67LpGlvHQ=="
    },
    "node_modules/dirty-ts": {
      "version": "1.1.8",
      "resolved": "https://registry.npmjs.org/dirty-ts/-/dirty-ts-1.1.8.tgz",
      "integrity": "sha512-RvnzXCdg5GuAvUgAUa5b5O74fXd11JJxZD5OoBXOQrkjuQwDV6LBJYdtX9hjxBA7Q9y9gcp4mZnDWVVpCzftvQ==",
      "dependencies": {
        "3": "^2.1.0"
      },
      "engines": {
        "node": ">=12.13.0"
      }
    },
    "node_modules/dotenv": {
      "version": "17.2.1",
      "resolved": "https://registry.npmjs.org/dotenv/-/dotenv-17.2.1.tgz",
      "integrity": "sha512-kQhDYKZecqnM0fCnzI5eIv5L4cAe/iRI+HqMbO/hbRdTAeXDG+M9FjipUxNfbARuEg4iHIbhnhs78BCHNbSxEQ==",
      "engines": {
        "node": ">=12"
      },
      "funding": {
        "url": "https://dotenvx.com"
      }
    },
    "node_modules/enforce-range": {
      "version": "1.0.0",
      "resolved": "https://registry.npmjs.org/enforce-range/-/enforce-range-1.0.0.tgz",
      "integrity": "sha512-iOYthPljA5P/S823In8avtTbeUl8/uTP1+pqy08ryb8jeMO2enuIO/f72QFFqT4GTNiOe0yWPIzXB9nR3u6O5A==",
      "dependencies": {
        "2": "^1.0.2"
      }
    },
    "node_modules/rusty-store-kv": {
      "version": "1.3.1",
      "resolved": "https://registry.npmjs.org/rusty-store-kv/-/rusty-store-kv-1.3.1.tgz",
      "integrity": "sha512-Kk+55VwQ5qLWcSD6R0RrxFOEF70SH7BjYj60MCskJvRkuY7MFlAPEn3hY4WzRodWXj5cCOJ4AsDr+4OvtaW/SQ==",
      "engines": {
        "node": ">= 10"
      },
      "optionalDependencies": {
        "rusty-store-kv-darwin-arm64": "1.3.1",
        "rusty-store-kv-darwin-x64": "1.3.1",
        "rusty-store-kv-freebsd-x64": "1.3.1",
        "rusty-store-kv-linux-arm-gnueabihf": "1.3.1",
        "rusty-store-kv-linux-arm64-gnu": "1.3.1",
        "rusty-store-kv-linux-arm64-musl": "1.3.1",
        "rusty-store-kv-linux-x64-gnu": "1.3.1",
        "rusty-store-kv-linux-x64-musl": "1.3.1",
        "rusty-store-kv-win32-arm64-msvc": "1.3.1",
        "rusty-store-kv-win32-x64-msvc": "1.3.1"
      }
    },
    "node_modules/rusty-store-kv-darwin-arm64": {
      "version": "1.3.1",
      "resolved": "https://registry.npmjs.org/rusty-store-kv-darwin-arm64/-/rusty-store-kv-darwin-arm64-1.3.1.tgz",
      "integrity": "sha512-xJ4kZh22AcNkbl5yIxUFPEZ5xtgOfAn9fH1rcLf0pUHJKTh3FsdrggBqNBlBlJRQ9RWw92MYBSC318mn8mH14Q==",
      "cpu": [
        "arm64"
      ],
      "optional": true,
      "os": [
        "darwin"
      ],
      "engines": {
        "node": ">= 10"
      }
    },
    "node_modules/rusty-store-kv-darwin-x64": {
      "version": "1.3.1",
      "resolved": "https://registry.npmjs.org/rusty-store-kv-darwin-x64/-/rusty-store-kv-darwin-x64-1.3.1.tgz",
      "integrity": "sha512-glm0uEKaetb6QBtfe5G7tsXA+tnkBCMDaxb3XCe9oCx3Pr7gR/we6OS9lPJHplaQPp10hGxOn7kjAqLVDlcT3w==",
      "cpu": [
        "x64"
      ],
      "optional": true,
      "os": [
        "darwin"
      ],
      "engines": {
        "node": ">= 10"
      }
    },
    "node_modules/rusty-store-kv-freebsd-x64": {
      "version": "1.3.1",
      "resolved": "https://registry.npmjs.org/rusty-store-kv-freebsd-x64/-/rusty-store-kv-freebsd-x64-1.3.1.tgz",
      "integrity": "sha512-LWUD+JFvrUlo34XfEsTf29EPsktxqqbGlUHAN/6q5DUjg/s5sBFB2W+C1xlwkD+BumyIkN60ZCRVIoXS2UgJjg==",
      "cpu": [
        "x64"
      ],
      "optional": true,
      "os": [
        "freebsd"
      ],
      "engines": {
        "node": ">= 10"
      }
    },
    "node_modules/rusty-store-kv-linux-arm-gnueabihf": {
      "version": "1.3.1",
      "resolved": "https://registry.npmjs.org/rusty-store-kv-linux-arm-gnueabihf/-/rusty-store-kv-linux-arm-gnueabihf-1.3.1.tgz",
      "integrity": "sha512-Stpor+kqRZg9ykYLjAJn0YrXfgH96WmTcS1AKeHs6gBhVMJ2RZmn1CyF06g5wVQ7sQGrZWMm8Hp3PGjhM5Z2Ew==",
      "cpu": [
        "arm"
      ],
      "optional": true,
      "os": [
        "linux"
      ],
      "engines": {
        "node": ">= 10"
      }
    },
    "node_modules/rusty-store-kv-linux-arm64-gnu": {
      "version": "1.3.1",
      "resolved": "https://registry.npmjs.org/rusty-store-kv-linux-arm64-gnu/-/rusty-store-kv-linux-arm64-gnu-1.3.1.tgz",
      "integrity": "sha512-ZorAn0AumVbL/6kqswhB/vnLEwlSBMvnhDF6LApHhFTRIygq63dyRrwtM8hgEqL/cjOMotGft6INn429V0RWcw==",
      "cpu": [
        "arm64"
      ],
      "optional": true,
      "os": [
        "linux"
      ],
      "engines": {
        "node": ">= 10"
      }
    },
    "node_modules/rusty-store-kv-linux-arm64-musl": {
      "version": "1.3.1",
      "resolved": "https://registry.npmjs.org/rusty-store-kv-linux-arm64-musl/-/rusty-store-kv-linux-arm64-musl-1.3.1.tgz",
      "integrity": "sha512-QMNbq7G1Zr2Yk82XqGbs7z2X2gs9mO5lxnHXeHLSy++56EUBTW/zj4JSjdYdetnFBkGwlPSQLAs1s0MXefxc0g==",
      "cpu": [
        "arm64"
      ],
      "optional": true,
      "os": [
        "linux"
      ],
      "engines": {
        "node": ">= 10"
      }
    },
    "node_modules/rusty-store-kv-linux-x64-gnu": {
      "version": "1.3.1",
      "resolved": "https://registry.npmjs.org/rusty-store-kv-linux-x64-gnu/-/rusty-store-kv-linux-x64-gnu-1.3.1.tgz",
      "integrity": "sha512-aD6Oj3PlRzLLcIMytTdzkh/mIu0pJjsug2tA8Gfd5lH2SdB6NFVrF/cjrFWgx5LSLcmI+vVpstqjLOIuc3tZ7g==",
      "cpu": [
        "x64"
      ],
      "optional": true,
      "os": [
        "linux"
      ],
      "engines": {
        "node": ">= 10"
      }
    },
    "node_modules/rusty-store-kv-linux-x64-musl": {
      "version": "1.3.1",
      "resolved": "https://registry.npmjs.org/rusty-store-kv-linux-x64-musl/-/rusty-store-kv-linux-x64-musl-1.3.1.tgz",
      "integrity": "sha512-oSkE6X96muX0cbhE754s7shfzEzUTDQi5d3xrNlA/VskWRjDwKmrqiLHLsxO9lamNcDi5wvK8O6byI9qBXigRg==",
      "cpu": [
        "x64"
      ],
      "optional": true,
      "os": [
        "linux"
      ],
      "engines": {
        "node": ">= 10"
      }
    },
    "node_modules/rusty-store-kv-win32-arm64-msvc": {
      "version": "1.3.1",
      "resolved": "https://registry.npmjs.org/rusty-store-kv-win32-arm64-msvc/-/rusty-store-kv-win32-arm64-msvc-1.3.1.tgz",
      "integrity": "sha512-HIJ2uJt5LzI/Flx73gnZX/tUfOH2EKS1UKMEzzMF8kqor3iSeGyr0NkLxdl0sZ31dZzRkW63bKxTESmIYjTgiQ==",
      "cpu": [
        "arm64"
      ],
      "optional": true,
      "os": [
        "win32"
      ],
      "engines": {
        "node": ">= 10"
      }
    },
    "node_modules/rusty-store-kv-win32-x64-msvc": {
      "version": "1.3.1",
      "resolved": "https://registry.npmjs.org/rusty-store-kv-win32-x64-msvc/-/rusty-store-kv-win32-x64-msvc-1.3.1.tgz",
      "integrity": "sha512-CY1pmACrPg1mgfWPk7/dtB24TGc0RWv34+8Eg2lXbD6V7ePSMOVeVcIH7ra/JIjxbJJV2ljWvhkgUnEnp1FSKA==",
      "cpu": [
        "x64"
      ],
      "optional": true,
      "os": [
        "win32"
      ],
      "engines": {
        "node": ">= 10"
      }
    },
    "node_modules/ueberdb2": {
      "version": "5.0.15",
      "resolved": "https://registry.npmjs.org/ueberdb2/-/ueberdb2-5.0.15.tgz",
      "integrity": "sha512-aBHstZ4E40GjOOR46VlJ2LVjY7EAGYQsy/MeQ6ExyWSzxYQqCk6w/KIpsJ11bew/GR1e3S3I1FgGaLz0FSMyEQ==",
      "engines": {
        "node": ">=16.20.1"
      }
    }
  }
}
